// !$*UTF8*$!
{
	archiveVersion = 1;
	classes = {
	};
	objectVersion = 46;
	objects = {

/* Begin PBXBuildFile section */
		670556611CBD9F2900FD5BF3 /* PlayerNode.swift in Sources */ = {isa = PBXBuildFile; fileRef = 670556601CBD9F2900FD5BF3 /* PlayerNode.swift */; };
		670B39521CE21E210025742F /* LevelSelect.sks in Resources */ = {isa = PBXBuildFile; fileRef = 670B39511CE21E210025742F /* LevelSelect.sks */; };
		6712F84F1CBC5A0200A1158F /* AppDelegate.swift in Sources */ = {isa = PBXBuildFile; fileRef = 6712F84E1CBC5A0200A1158F /* AppDelegate.swift */; };
		6712F8511CBC5A0200A1158F /* Level_1.sks in Resources */ = {isa = PBXBuildFile; fileRef = 6712F8501CBC5A0200A1158F /* Level_1.sks */; };
		6712F8531CBC5A0200A1158F /* GameScene.swift in Sources */ = {isa = PBXBuildFile; fileRef = 6712F8521CBC5A0200A1158F /* GameScene.swift */; };
		6712F8551CBC5A0200A1158F /* GameViewController.swift in Sources */ = {isa = PBXBuildFile; fileRef = 6712F8541CBC5A0200A1158F /* GameViewController.swift */; };
		6712F8581CBC5A0200A1158F /* Main.storyboard in Resources */ = {isa = PBXBuildFile; fileRef = 6712F8561CBC5A0200A1158F /* Main.storyboard */; };
		6712F85D1CBC5A0200A1158F /* LaunchScreen.storyboard in Resources */ = {isa = PBXBuildFile; fileRef = 6712F85B1CBC5A0200A1158F /* LaunchScreen.storyboard */; };
		6712F8671CBC5E2A00A1158F /* JunkNode.swift in Sources */ = {isa = PBXBuildFile; fileRef = 6712F8661CBC5E2A00A1158F /* JunkNode.swift */; };
		6712F8691CBC76D400A1158F /* EscapeNode.swift in Sources */ = {isa = PBXBuildFile; fileRef = 6712F8681CBC76D400A1158F /* EscapeNode.swift */; };
		6712F86B1CBC7DE100A1158F /* ProjectileNode.swift in Sources */ = {isa = PBXBuildFile; fileRef = 6712F86A1CBC7DE100A1158F /* ProjectileNode.swift */; };
		6712F86D1CBC86A800A1158F /* Utility.swift in Sources */ = {isa = PBXBuildFile; fileRef = 6712F86C1CBC86A800A1158F /* Utility.swift */; };
		6714269E1CCF186900D3B7EE /* Victory.sks in Resources */ = {isa = PBXBuildFile; fileRef = 6714269D1CCF186900D3B7EE /* Victory.sks */; };
		671426A01CCF191300D3B7EE /* VictScene.swift in Sources */ = {isa = PBXBuildFile; fileRef = 6714269F1CCF191300D3B7EE /* VictScene.swift */; };
		6737CC681CBEFBC400E192CC /* Level_2.sks in Resources */ = {isa = PBXBuildFile; fileRef = 6737CC671CBEFBC400E192CC /* Level_2.sks */; };
		6737CC6A1CBF0A5600E192CC /* Level_3.sks in Resources */ = {isa = PBXBuildFile; fileRef = 6737CC691CBF0A5600E192CC /* Level_3.sks */; };
		6737CC6C1CBF1C8A00E192CC /* Level_5.sks in Resources */ = {isa = PBXBuildFile; fileRef = 6737CC6B1CBF1C8A00E192CC /* Level_5.sks */; };
		6748AB651CE11C0200D3B92C /* Level_4.sks in Resources */ = {isa = PBXBuildFile; fileRef = 6748AB641CE11C0200D3B92C /* Level_4.sks */; };
		6748AB6D1CE1298E00D3B92C /* Level_6.sks in Resources */ = {isa = PBXBuildFile; fileRef = 6748AB6C1CE1298E00D3B92C /* Level_6.sks */; };
		6790BF8C1CCEB5A9002226A9 /* HomeScene.swift in Sources */ = {isa = PBXBuildFile; fileRef = 6790BF8B1CCEB5A8002226A9 /* HomeScene.swift */; };
		6790BF8E1CCEB7F7002226A9 /* Home.sks in Resources */ = {isa = PBXBuildFile; fileRef = 6790BF8D1CCEB7F7002226A9 /* Home.sks */; };
		6790BF901CCEBE08002226A9 /* ButtonNode.swift in Sources */ = {isa = PBXBuildFile; fileRef = 6790BF8F1CCEBE08002226A9 /* ButtonNode.swift */; };
		6790BF921CCF030D002226A9 /* Assets.xcassets in Resources */ = {isa = PBXBuildFile; fileRef = 6790BF911CCF030D002226A9 /* Assets.xcassets */; };
		6790BF9A1CCF0AEE002226A9 /* m_fury.wav in Resources */ = {isa = PBXBuildFile; fileRef = 6790BF981CCF0AEE002226A9 /* m_fury.wav */; };
		6790BF9B1CCF0AEE002226A9 /* hit_1.wav in Resources */ = {isa = PBXBuildFile; fileRef = 6790BF991CCF0AEE002226A9 /* hit_1.wav */; };
		67AA1A8C1CD5884B00DB5AE7 /* fire.sks in Resources */ = {isa = PBXBuildFile; fileRef = 67AA1A8B1CD5884B00DB5AE7 /* fire.sks */; };
		67AA1A8E1CD588BE00DB5AE7 /* spark.png in Resources */ = {isa = PBXBuildFile; fileRef = 67AA1A8D1CD588BE00DB5AE7 /* spark.png */; };
		67AA1A981CD5944D00DB5AE7 /* renegado.ttf in Resources */ = {isa = PBXBuildFile; fileRef = 67AA1A971CD5943D00DB5AE7 /* renegado.ttf */; };
		67BA2D0B1CC84175006345E4 /* RotateNode.swift in Sources */ = {isa = PBXBuildFile; fileRef = 67BA2D0A1CC84175006345E4 /* RotateNode.swift */; };
		67BBD1951CE2213400214033 /* FollowNode.swift in Sources */ = {isa = PBXBuildFile; fileRef = 67BBD1941CE2213300214033 /* FollowNode.swift */; };
		67D990811CCFA57D006B6D72 /* Splash.sks in Resources */ = {isa = PBXBuildFile; fileRef = 67D990801CCFA57D006B6D72 /* Splash.sks */; };
		67F7FA221CE65EFB00376320 /* BoostNode.swift in Sources */ = {isa = PBXBuildFile; fileRef = 67F7FA211CE65EFB00376320 /* BoostNode.swift */; };
		67F7FA241CE66CC900376320 /* fire_big.sks in Resources */ = {isa = PBXBuildFile; fileRef = 67F7FA231CE66CC900376320 /* fire_big.sks */; };
		67F7FA261CE6710300376320 /* Level_Unused_1.sks in Resources */ = {isa = PBXBuildFile; fileRef = 67F7FA251CE6710300376320 /* Level_Unused_1.sks */; };
/* End PBXBuildFile section */

/* Begin PBXFileReference section */
		670556601CBD9F2900FD5BF3 /* PlayerNode.swift */ = {isa = PBXFileReference; fileEncoding = 4; lastKnownFileType = sourcecode.swift; path = PlayerNode.swift; sourceTree = "<group>"; };
		670B39511CE21E210025742F /* LevelSelect.sks */ = {isa = PBXFileReference; lastKnownFileType = file.sks; path = LevelSelect.sks; sourceTree = "<group>"; };
		6712F84B1CBC5A0200A1158F /* Scrap Yard.app */ = {isa = PBXFileReference; explicitFileType = wrapper.application; includeInIndex = 0; path = "Scrap Yard.app"; sourceTree = BUILT_PRODUCTS_DIR; };
		6712F84E1CBC5A0200A1158F /* AppDelegate.swift */ = {isa = PBXFileReference; lastKnownFileType = sourcecode.swift; path = AppDelegate.swift; sourceTree = "<group>"; };
		6712F8501CBC5A0200A1158F /* Level_1.sks */ = {isa = PBXFileReference; lastKnownFileType = file.sks; path = Level_1.sks; sourceTree = "<group>"; };
		6712F8521CBC5A0200A1158F /* GameScene.swift */ = {isa = PBXFileReference; lastKnownFileType = sourcecode.swift; path = GameScene.swift; sourceTree = "<group>"; };
		6712F8541CBC5A0200A1158F /* GameViewController.swift */ = {isa = PBXFileReference; lastKnownFileType = sourcecode.swift; path = GameViewController.swift; sourceTree = "<group>"; };
		6712F8571CBC5A0200A1158F /* Base */ = {isa = PBXFileReference; lastKnownFileType = file.storyboard; name = Base; path = Base.lproj/Main.storyboard; sourceTree = "<group>"; };
		6712F85C1CBC5A0200A1158F /* Base */ = {isa = PBXFileReference; lastKnownFileType = file.storyboard; name = Base; path = Base.lproj/LaunchScreen.storyboard; sourceTree = "<group>"; };
		6712F85E1CBC5A0200A1158F /* Info.plist */ = {isa = PBXFileReference; lastKnownFileType = text.plist.xml; path = Info.plist; sourceTree = "<group>"; };
		6712F8661CBC5E2A00A1158F /* JunkNode.swift */ = {isa = PBXFileReference; fileEncoding = 4; lastKnownFileType = sourcecode.swift; path = JunkNode.swift; sourceTree = "<group>"; };
		6712F8681CBC76D400A1158F /* EscapeNode.swift */ = {isa = PBXFileReference; fileEncoding = 4; lastKnownFileType = sourcecode.swift; path = EscapeNode.swift; sourceTree = "<group>"; };
		6712F86A1CBC7DE100A1158F /* ProjectileNode.swift */ = {isa = PBXFileReference; fileEncoding = 4; lastKnownFileType = sourcecode.swift; path = ProjectileNode.swift; sourceTree = "<group>"; };
		6712F86C1CBC86A800A1158F /* Utility.swift */ = {isa = PBXFileReference; fileEncoding = 4; lastKnownFileType = sourcecode.swift; path = Utility.swift; sourceTree = "<group>"; };
		6714269D1CCF186900D3B7EE /* Victory.sks */ = {isa = PBXFileReference; lastKnownFileType = file.sks; path = Victory.sks; sourceTree = "<group>"; };
		6714269F1CCF191300D3B7EE /* VictScene.swift */ = {isa = PBXFileReference; fileEncoding = 4; lastKnownFileType = sourcecode.swift; path = VictScene.swift; sourceTree = "<group>"; };
		6737CC671CBEFBC400E192CC /* Level_2.sks */ = {isa = PBXFileReference; lastKnownFileType = file.sks; path = Level_2.sks; sourceTree = "<group>"; };
		6737CC691CBF0A5600E192CC /* Level_3.sks */ = {isa = PBXFileReference; lastKnownFileType = file.sks; path = Level_3.sks; sourceTree = "<group>"; };
		6737CC6B1CBF1C8A00E192CC /* Level_5.sks */ = {isa = PBXFileReference; lastKnownFileType = file.sks; path = Level_5.sks; sourceTree = "<group>"; };
		6748AB641CE11C0200D3B92C /* Level_4.sks */ = {isa = PBXFileReference; lastKnownFileType = file.sks; path = Level_4.sks; sourceTree = "<group>"; };
		6748AB6C1CE1298E00D3B92C /* Level_6.sks */ = {isa = PBXFileReference; lastKnownFileType = file.sks; path = Level_6.sks; sourceTree = "<group>"; };
		6790BF8B1CCEB5A8002226A9 /* HomeScene.swift */ = {isa = PBXFileReference; fileEncoding = 4; lastKnownFileType = sourcecode.swift; path = HomeScene.swift; sourceTree = "<group>"; };
		6790BF8D1CCEB7F7002226A9 /* Home.sks */ = {isa = PBXFileReference; lastKnownFileType = file.sks; path = Home.sks; sourceTree = "<group>"; };
		6790BF8F1CCEBE08002226A9 /* ButtonNode.swift */ = {isa = PBXFileReference; fileEncoding = 4; lastKnownFileType = sourcecode.swift; path = ButtonNode.swift; sourceTree = "<group>"; };
		6790BF911CCF030D002226A9 /* Assets.xcassets */ = {isa = PBXFileReference; lastKnownFileType = folder.assetcatalog; path = Assets.xcassets; sourceTree = "<group>"; };
		6790BF981CCF0AEE002226A9 /* m_fury.wav */ = {isa = PBXFileReference; lastKnownFileType = audio.wav; path = m_fury.wav; sourceTree = "<group>"; };
		6790BF991CCF0AEE002226A9 /* hit_1.wav */ = {isa = PBXFileReference; lastKnownFileType = audio.wav; path = hit_1.wav; sourceTree = "<group>"; };
		67AA1A8B1CD5884B00DB5AE7 /* fire.sks */ = {isa = PBXFileReference; lastKnownFileType = file.sks; path = fire.sks; sourceTree = "<group>"; };
		67AA1A8D1CD588BE00DB5AE7 /* spark.png */ = {isa = PBXFileReference; lastKnownFileType = image.png; path = spark.png; sourceTree = "<group>"; };
		67AA1A971CD5943D00DB5AE7 /* renegado.ttf */ = {isa = PBXFileReference; lastKnownFileType = file; path = renegado.ttf; sourceTree = "<group>"; };
		67BA2D0A1CC84175006345E4 /* RotateNode.swift */ = {isa = PBXFileReference; fileEncoding = 4; lastKnownFileType = sourcecode.swift; path = RotateNode.swift; sourceTree = "<group>"; };
		67BBD1941CE2213300214033 /* FollowNode.swift */ = {isa = PBXFileReference; fileEncoding = 4; lastKnownFileType = sourcecode.swift; path = FollowNode.swift; sourceTree = "<group>"; };
		67D990801CCFA57D006B6D72 /* Splash.sks */ = {isa = PBXFileReference; lastKnownFileType = file.sks; path = Splash.sks; sourceTree = "<group>"; };
		67F7FA211CE65EFB00376320 /* BoostNode.swift */ = {isa = PBXFileReference; fileEncoding = 4; lastKnownFileType = sourcecode.swift; path = BoostNode.swift; sourceTree = "<group>"; };
		67F7FA231CE66CC900376320 /* fire_big.sks */ = {isa = PBXFileReference; lastKnownFileType = file.sks; path = fire_big.sks; sourceTree = "<group>"; };
		67F7FA251CE6710300376320 /* Level_Unused_1.sks */ = {isa = PBXFileReference; lastKnownFileType = file.sks; path = Level_Unused_1.sks; sourceTree = "<group>"; };
/* End PBXFileReference section */

/* Begin PBXFrameworksBuildPhase section */
		6712F8481CBC5A0200A1158F /* Frameworks */ = {
			isa = PBXFrameworksBuildPhase;
			buildActionMask = 2147483647;
			files = (
			);
			runOnlyForDeploymentPostprocessing = 0;
		};
/* End PBXFrameworksBuildPhase section */

/* Begin PBXGroup section */
		6712F8421CBC5A0200A1158F = {
			isa = PBXGroup;
			children = (
				6712F84D1CBC5A0200A1158F /* Scrap Yard */,
				6712F84C1CBC5A0200A1158F /* Products */,
			);
			sourceTree = "<group>";
			usesTabs = 0;
		};
		6712F84C1CBC5A0200A1158F /* Products */ = {
			isa = PBXGroup;
			children = (
				6712F84B1CBC5A0200A1158F /* Scrap Yard.app */,
			);
			name = Products;
			sourceTree = "<group>";
		};
		6712F84D1CBC5A0200A1158F /* Scrap Yard */ = {
			isa = PBXGroup;
			children = (
				67AA1A971CD5943D00DB5AE7 /* renegado.ttf */,
				67AA1A8A1CD5883700DB5AE7 /* Effects */,
				6790BF971CCF0AAA002226A9 /* Sounds */,
				6712F8651CBC5DE700A1158F /* Levels */,
				6712F8641CBC5DD800A1158F /* Nodes */,
				6712F84E1CBC5A0200A1158F /* AppDelegate.swift */,
				6712F8521CBC5A0200A1158F /* GameScene.swift */,
				6790BF8B1CCEB5A8002226A9 /* HomeScene.swift */,
				6714269F1CCF191300D3B7EE /* VictScene.swift */,
				6712F8541CBC5A0200A1158F /* GameViewController.swift */,
				6790BF911CCF030D002226A9 /* Assets.xcassets */,
				6712F8561CBC5A0200A1158F /* Main.storyboard */,
				6712F85B1CBC5A0200A1158F /* LaunchScreen.storyboard */,
				6712F85E1CBC5A0200A1158F /* Info.plist */,
				6712F86C1CBC86A800A1158F /* Utility.swift */,
			);
			path = "Scrap Yard";
			sourceTree = "<group>";
		};
		6712F8641CBC5DD800A1158F /* Nodes */ = {
			isa = PBXGroup;
			children = (
				6712F8661CBC5E2A00A1158F /* JunkNode.swift */,
				67F7FA211CE65EFB00376320 /* BoostNode.swift */,
				67BA2D0A1CC84175006345E4 /* RotateNode.swift */,
				6712F8681CBC76D400A1158F /* EscapeNode.swift */,
				67BBD1941CE2213300214033 /* FollowNode.swift */,
				6790BF8F1CCEBE08002226A9 /* ButtonNode.swift */,
				6712F86A1CBC7DE100A1158F /* ProjectileNode.swift */,
				670556601CBD9F2900FD5BF3 /* PlayerNode.swift */,
			);
			name = Nodes;
			sourceTree = "<group>";
		};
		6712F8651CBC5DE700A1158F /* Levels */ = {
			isa = PBXGroup;
			children = (
				6790BF8D1CCEB7F7002226A9 /* Home.sks */,
				670B39511CE21E210025742F /* LevelSelect.sks */,
				6714269D1CCF186900D3B7EE /* Victory.sks */,
				67D990801CCFA57D006B6D72 /* Splash.sks */,
				6712F8501CBC5A0200A1158F /* Level_1.sks */,
				6737CC671CBEFBC400E192CC /* Level_2.sks */,
				6737CC691CBF0A5600E192CC /* Level_3.sks */,
				6748AB641CE11C0200D3B92C /* Level_4.sks */,
				6737CC6B1CBF1C8A00E192CC /* Level_5.sks */,
				6748AB6C1CE1298E00D3B92C /* Level_6.sks */,
				67F7FA251CE6710300376320 /* Level_Unused_1.sks */,
			);
			name = Levels;
			sourceTree = "<group>";
		};
		6790BF971CCF0AAA002226A9 /* Sounds */ = {
			isa = PBXGroup;
			children = (
				6790BF981CCF0AEE002226A9 /* m_fury.wav */,
				6790BF991CCF0AEE002226A9 /* hit_1.wav */,
			);
			name = Sounds;
			sourceTree = "<group>";
		};
		67AA1A8A1CD5883700DB5AE7 /* Effects */ = {
			isa = PBXGroup;
			children = (
				67AA1A8B1CD5884B00DB5AE7 /* fire.sks */,
				67F7FA231CE66CC900376320 /* fire_big.sks */,
				67AA1A8D1CD588BE00DB5AE7 /* spark.png */,
			);
			name = Effects;
			sourceTree = "<group>";
		};
/* End PBXGroup section */

/* Begin PBXNativeTarget section */
		6712F84A1CBC5A0200A1158F /* Scrap Yard */ = {
			isa = PBXNativeTarget;
			buildConfigurationList = 6712F8611CBC5A0200A1158F /* Build configuration list for PBXNativeTarget "Scrap Yard" */;
			buildPhases = (
				6712F8471CBC5A0200A1158F /* Sources */,
				6712F8481CBC5A0200A1158F /* Frameworks */,
				6712F8491CBC5A0200A1158F /* Resources */,
			);
			buildRules = (
			);
			dependencies = (
			);
			name = "Scrap Yard";
			productName = "Scrap Yard";
			productReference = 6712F84B1CBC5A0200A1158F /* Scrap Yard.app */;
			productType = "com.apple.product-type.application";
		};
/* End PBXNativeTarget section */

/* Begin PBXProject section */
		6712F8431CBC5A0200A1158F /* Project object */ = {
			isa = PBXProject;
			attributes = {
				LastSwiftUpdateCheck = 0720;
				LastUpgradeCheck = 0720;
				ORGANIZATIONNAME = igmstudent;
				TargetAttributes = {
					6712F84A1CBC5A0200A1158F = {
						CreatedOnToolsVersion = 7.2.1;
					};
				};
			};
			buildConfigurationList = 6712F8461CBC5A0200A1158F /* Build configuration list for PBXProject "Scrap Yard" */;
			compatibilityVersion = "Xcode 3.2";
			developmentRegion = English;
			hasScannedForEncodings = 0;
			knownRegions = (
				en,
				Base,
			);
			mainGroup = 6712F8421CBC5A0200A1158F;
			productRefGroup = 6712F84C1CBC5A0200A1158F /* Products */;
			projectDirPath = "";
			projectRoot = "";
			targets = (
				6712F84A1CBC5A0200A1158F /* Scrap Yard */,
			);
		};
/* End PBXProject section */

/* Begin PBXResourcesBuildPhase section */
		6712F8491CBC5A0200A1158F /* Resources */ = {
			isa = PBXResourcesBuildPhase;
			buildActionMask = 2147483647;
			files = (
				67AA1A981CD5944D00DB5AE7 /* renegado.ttf in Resources */,
				6790BF8E1CCEB7F7002226A9 /* Home.sks in Resources */,
				6737CC6C1CBF1C8A00E192CC /* Level_5.sks in Resources */,
				6748AB6D1CE1298E00D3B92C /* Level_6.sks in Resources */,
				6790BF9B1CCF0AEE002226A9 /* hit_1.wav in Resources */,
				6737CC6A1CBF0A5600E192CC /* Level_3.sks in Resources */,
				67D990811CCFA57D006B6D72 /* Splash.sks in Resources */,
				67F7FA241CE66CC900376320 /* fire_big.sks in Resources */,
				6748AB651CE11C0200D3B92C /* Level_4.sks in Resources */,
				670B39521CE21E210025742F /* LevelSelect.sks in Resources */,
				67F7FA261CE6710300376320 /* Level_Unused_1.sks in Resources */,
				6737CC681CBEFBC400E192CC /* Level_2.sks in Resources */,
				6712F8511CBC5A0200A1158F /* Level_1.sks in Resources */,
				6712F85D1CBC5A0200A1158F /* LaunchScreen.storyboard in Resources */,
				6790BF9A1CCF0AEE002226A9 /* m_fury.wav in Resources */,
				67AA1A8E1CD588BE00DB5AE7 /* spark.png in Resources */,
				6790BF921CCF030D002226A9 /* Assets.xcassets in Resources */,
				6714269E1CCF186900D3B7EE /* Victory.sks in Resources */,
				6712F8581CBC5A0200A1158F /* Main.storyboard in Resources */,
				67AA1A8C1CD5884B00DB5AE7 /* fire.sks in Resources */,
			);
			runOnlyForDeploymentPostprocessing = 0;
		};
/* End PBXResourcesBuildPhase section */

/* Begin PBXSourcesBuildPhase section */
		6712F8471CBC5A0200A1158F /* Sources */ = {
			isa = PBXSourcesBuildPhase;
			buildActionMask = 2147483647;
			files = (
				6712F86D1CBC86A800A1158F /* Utility.swift in Sources */,
				6712F8691CBC76D400A1158F /* EscapeNode.swift in Sources */,
				67BBD1951CE2213400214033 /* FollowNode.swift in Sources */,
				6790BF901CCEBE08002226A9 /* ButtonNode.swift in Sources */,
				6712F8531CBC5A0200A1158F /* GameScene.swift in Sources */,
				6790BF8C1CCEB5A9002226A9 /* HomeScene.swift in Sources */,
				6712F86B1CBC7DE100A1158F /* ProjectileNode.swift in Sources */,
				67F7FA221CE65EFB00376320 /* BoostNode.swift in Sources */,
				6712F8671CBC5E2A00A1158F /* JunkNode.swift in Sources */,
				6712F8551CBC5A0200A1158F /* GameViewController.swift in Sources */,
				67BA2D0B1CC84175006345E4 /* RotateNode.swift in Sources */,
				670556611CBD9F2900FD5BF3 /* PlayerNode.swift in Sources */,
				671426A01CCF191300D3B7EE /* VictScene.swift in Sources */,
				6712F84F1CBC5A0200A1158F /* AppDelegate.swift in Sources */,
			);
			runOnlyForDeploymentPostprocessing = 0;
		};
/* End PBXSourcesBuildPhase section */

/* Begin PBXVariantGroup section */
		6712F8561CBC5A0200A1158F /* Main.storyboard */ = {
			isa = PBXVariantGroup;
			children = (
				6712F8571CBC5A0200A1158F /* Base */,
			);
			name = Main.storyboard;
			sourceTree = "<group>";
		};
		6712F85B1CBC5A0200A1158F /* LaunchScreen.storyboard */ = {
			isa = PBXVariantGroup;
			children = (
				6712F85C1CBC5A0200A1158F /* Base */,
			);
			name = LaunchScreen.storyboard;
			sourceTree = "<group>";
		};
/* End PBXVariantGroup section */

/* Begin XCBuildConfiguration section */
		6712F85F1CBC5A0200A1158F /* Debug */ = {
			isa = XCBuildConfiguration;
			buildSettings = {
				ALWAYS_SEARCH_USER_PATHS = NO;
				CLANG_CXX_LANGUAGE_STANDARD = "gnu++0x";
				CLANG_CXX_LIBRARY = "libc++";
				CLANG_ENABLE_MODULES = YES;
				CLANG_ENABLE_OBJC_ARC = YES;
				CLANG_WARN_BOOL_CONVERSION = YES;
				CLANG_WARN_CONSTANT_CONVERSION = YES;
				CLANG_WARN_DIRECT_OBJC_ISA_USAGE = YES_ERROR;
				CLANG_WARN_EMPTY_BODY = YES;
				CLANG_WARN_ENUM_CONVERSION = YES;
				CLANG_WARN_INT_CONVERSION = YES;
				CLANG_WARN_OBJC_ROOT_CLASS = YES_ERROR;
				CLANG_WARN_UNREACHABLE_CODE = YES;
				CLANG_WARN__DUPLICATE_METHOD_MATCH = YES;
				"CODE_SIGN_IDENTITY[sdk=iphoneos*]" = "iPhone Developer";
				COPY_PHASE_STRIP = NO;
				DEBUG_INFORMATION_FORMAT = "dwarf-with-dsym";
				ENABLE_STRICT_OBJC_MSGSEND = YES;
				ENABLE_TESTABILITY = YES;
				GCC_C_LANGUAGE_STANDARD = gnu99;
				GCC_DYNAMIC_NO_PIC = NO;
				GCC_NO_COMMON_BLOCKS = YES;
				GCC_OPTIMIZATION_LEVEL = 0;
				GCC_PREPROCESSOR_DEFINITIONS = (
					"DEBUG=1",
					"$(inherited)",
				);
				GCC_WARN_64_TO_32_BIT_CONVERSION = YES;
				GCC_WARN_ABOUT_RETURN_TYPE = YES_ERROR;
				GCC_WARN_UNDECLARED_SELECTOR = YES;
				GCC_WARN_UNINITIALIZED_AUTOS = YES_AGGRESSIVE;
				GCC_WARN_UNUSED_FUNCTION = YES;
				GCC_WARN_UNUSED_VARIABLE = YES;
				IPHONEOS_DEPLOYMENT_TARGET = 9.2;
				MTL_ENABLE_DEBUG_INFO = YES;
				ONLY_ACTIVE_ARCH = YES;
				SDKROOT = iphoneos;
				SWIFT_OPTIMIZATION_LEVEL = "-Onone";
				TARGETED_DEVICE_FAMILY = "1,2";
			};
			name = Debug;
		};
		6712F8601CBC5A0200A1158F /* Release */ = {
			isa = XCBuildConfiguration;
			buildSettings = {
				ALWAYS_SEARCH_USER_PATHS = NO;
				CLANG_CXX_LANGUAGE_STANDARD = "gnu++0x";
				CLANG_CXX_LIBRARY = "libc++";
				CLANG_ENABLE_MODULES = YES;
				CLANG_ENABLE_OBJC_ARC = YES;
				CLANG_WARN_BOOL_CONVERSION = YES;
				CLANG_WARN_CONSTANT_CONVERSION = YES;
				CLANG_WARN_DIRECT_OBJC_ISA_USAGE = YES_ERROR;
				CLANG_WARN_EMPTY_BODY = YES;
				CLANG_WARN_ENUM_CONVERSION = YES;
				CLANG_WARN_INT_CONVERSION = YES;
				CLANG_WARN_OBJC_ROOT_CLASS = YES_ERROR;
				CLANG_WARN_UNREACHABLE_CODE = YES;
				CLANG_WARN__DUPLICATE_METHOD_MATCH = YES;
				"CODE_SIGN_IDENTITY[sdk=iphoneos*]" = "iPhone Developer";
				COPY_PHASE_STRIP = NO;
				DEBUG_INFORMATION_FORMAT = "dwarf-with-dsym";
				ENABLE_NS_ASSERTIONS = NO;
				ENABLE_STRICT_OBJC_MSGSEND = YES;
				GCC_C_LANGUAGE_STANDARD = gnu99;
				GCC_NO_COMMON_BLOCKS = YES;
				GCC_WARN_64_TO_32_BIT_CONVERSION = YES;
				GCC_WARN_ABOUT_RETURN_TYPE = YES_ERROR;
				GCC_WARN_UNDECLARED_SELECTOR = YES;
				GCC_WARN_UNINITIALIZED_AUTOS = YES_AGGRESSIVE;
				GCC_WARN_UNUSED_FUNCTION = YES;
				GCC_WARN_UNUSED_VARIABLE = YES;
				IPHONEOS_DEPLOYMENT_TARGET = 9.2;
				MTL_ENABLE_DEBUG_INFO = NO;
				SDKROOT = iphoneos;
				TARGETED_DEVICE_FAMILY = "1,2";
				VALIDATE_PRODUCT = YES;
			};
			name = Release;
		};
		6712F8621CBC5A0200A1158F /* Debug */ = {
			isa = XCBuildConfiguration;
			buildSettings = {
				ASSETCATALOG_COMPILER_APPICON_NAME = AppIcon;
				INFOPLIST_FILE = "Scrap Yard/Info.plist";
				LD_RUNPATH_SEARCH_PATHS = "$(inherited) @executable_path/Frameworks";
				PRODUCT_BUNDLE_IDENTIFIER = "com.blah.Scrap-Yard";
				PRODUCT_NAME = "$(TARGET_NAME)";
			};
			name = Debug;
		};
		6712F8631CBC5A0200A1158F /* Release */ = {
			isa = XCBuildConfiguration;
			buildSettings = {
				ASSETCATALOG_COMPILER_APPICON_NAME = AppIcon;
				INFOPLIST_FILE = "Scrap Yard/Info.plist";
				LD_RUNPATH_SEARCH_PATHS = "$(inherited) @executable_path/Frameworks";
				PRODUCT_BUNDLE_IDENTIFIER = "com.blah.Scrap-Yard";
				PRODUCT_NAME = "$(TARGET_NAME)";
			};
			name = Release;
		};
/* End XCBuildConfiguration section */

/* Begin XCConfigurationList section */
		6712F8461CBC5A0200A1158F /* Build configuration list for PBXProject "Scrap Yard" */ = {
			isa = XCConfigurationList;
			buildConfigurations = (
				6712F85F1CBC5A0200A1158F /* Debug */,
				6712F8601CBC5A0200A1158F /* Release */,
			);
			defaultConfigurationIsVisible = 0;
			defaultConfigurationName = Release;
		};
		6712F8611CBC5A0200A1158F /* Build configuration list for PBXNativeTarget "Scrap Yard" */ = {
			isa = XCConfigurationList;
			buildConfigurations = (
				6712F8621CBC5A0200A1158F /* Debug */,
				6712F8631CBC5A0200A1158F /* Release */,
			);
			defaultConfigurationIsVisible = 0;
			defaultConfigurationName = Release;
		};
/* End XCConfigurationList section */
	};
	rootObject = 6712F8431CBC5A0200A1158F /* Project object */;
}
